
Microsoft Visual Studio Solution File, Format Version 12.00
# Visual Studio Version 16
VisualStudioVersion = 16.0.31019.35
MinimumVisualStudioVersion = 10.0.40219.1
Project("{FAE04EC0-301F-11D3-BF4B-00C04F79EFBC}") = "TDE2PE", "TDE2PE\TDE2PE.csproj", "{15466083-A1E5-400C-9AF4-49C984CD8602}"
EndProject
Global
	GlobalSection(SolutionConfigurationPlatforms) = preSolution
		Debug|Any CPU = Debug|Any CPU
		Release|Any CPU = Release|Any CPU
	EndGlobalSection
	GlobalSection(ProjectConfigurationPlatforms) = postSolution
		{15466083-A1E5-400C-9AF4-49C984CD8602}.Debug|Any CPU.ActiveCfg = Debug|Any CPU
		{15466083-A1E5-400C-9AF4-49C984CD8602}.Debug|Any CPU.Build.0 = Debug|Any CPU
		{15466083-A1E5-400C-9AF4-49C984CD8602}.Release|Any CPU.ActiveCfg = Release|Any CPU
		{15466083-A1E5-400C-9AF4-49C984CD8602}.Release|Any CPU.Build.0 = Release|Any CPU
	EndGlobalSection
	GlobalSection(SolutionProperties) = preSolution
		HideSolutionNode = FALSE
	EndGlobalSection
	GlobalSection(ExtensibilityGlobals) = postSolution
		SolutionGuid = {68AAB83F-7C4E-48FA-AAD0-3543DFB52764}
	EndGlobalSection
EndGlobal
